
Microsoft Visual Studio Solution File, Format Version 12.00
# Visual Studio Version 17
VisualStudioVersion = 17.9.34723.18
MinimumVisualStudioVersion = 10.0.40219.1
Project("{FAE04EC0-301F-11D3-BF4B-00C04F79EFBC}") = "httpDataPublisher", "httpDataPublisher\httpDataPublisher.csproj", "{EF2FB93B-F21B-4750-838A-5886033E75E6}"
EndProject
Global
	GlobalSection(SolutionConfigurationPlatforms) = preSolution
		Debug|Any CPU = Debug|Any CPU
		Release|Any CPU = Release|Any CPU
	EndGlobalSection
	GlobalSection(ProjectConfigurationPlatforms) = postSolution
		{EF2FB93B-F21B-4750-838A-5886033E75E6}.Debug|Any CPU.ActiveCfg = Debug|Any CPU
		{EF2FB93B-F21B-4750-838A-5886033E75E6}.Debug|Any CPU.Build.0 = Debug|Any CPU
		{EF2FB93B-F21B-4750-838A-5886033E75E6}.Release|Any CPU.ActiveCfg = Release|Any CPU
		{EF2FB93B-F21B-4750-838A-5886033E75E6}.Release|Any CPU.Build.0 = Release|Any CPU
	EndGlobalSection
	GlobalSection(SolutionProperties) = preSolution
		HideSolutionNode = FALSE
	EndGlobalSection
	GlobalSection(ExtensibilityGlobals) = postSolution
		SolutionGuid = {B97A30E4-94F5-4C2B-9812-ADF4EA4AC254}
	EndGlobalSection
EndGlobal
